# This file was autogenerated by Stack.
# You should not edit this file by hand.
# For more information, please see the documentation at:
#   https://docs.haskellstack.org/en/stable/topics/lock_files

packages:
- completed:
    hackage: parsec-3.1.18.0@sha256:dfbb9835b8abc966b6bbd34340ef5122227b4cf4480062b85ca4c4704f054f98,4535
    pantry-tree:
      sha256: 48ae1440eb8eb4fecde2a724c492e830ff2bec341117164302399b417733bf70
      size: 2810
  original:
    hackage: parsec-3.1.18.0
snapshots:
- completed:
    sha256: dc2c118f708ee595ccad08b5be08ed276659b0c22ba7c8ba1ef25a49af318c50
    size: 726332
    url: https://raw.githubusercontent.com/commercialhaskell/stackage-snapshots/master/lts/24/23.yaml
  original:
    url: https://raw.githubusercontent.com/commercialhaskell/stackage-snapshots/master/lts/24/23.yaml
